
Microsoft Visual Studio Solution File, Format Version 12.00
# Visual Studio 15
VisualStudioVersion = 15.0.26430.15
MinimumVisualStudioVersion = 10.0.40219.1
Project("{FAE04EC0-301F-11D3-BF4B-00C04F79EFBC}") = "dotnet_cache", "dotnet_cache\dotnet_cache.csproj", "{DCD64F3A-947C-4D2B-A5E1-D69DC11A7ED7}"
EndProject
Global
	GlobalSection(SolutionConfigurationPlatforms) = preSolution
		Debug|Any CPU = Debug|Any CPU
		Release|Any CPU = Release|Any CPU
	EndGlobalSection
	GlobalSection(ProjectConfigurationPlatforms) = postSolution
		{DCD64F3A-947C-4D2B-A5E1-D69DC11A7ED7}.Debug|Any CPU.ActiveCfg = Debug|Any CPU
		{DCD64F3A-947C-4D2B-A5E1-D69DC11A7ED7}.Debug|Any CPU.Build.0 = Debug|Any CPU
		{DCD64F3A-947C-4D2B-A5E1-D69DC11A7ED7}.Release|Any CPU.ActiveCfg = Release|Any CPU
		{DCD64F3A-947C-4D2B-A5E1-D69DC11A7ED7}.Release|Any CPU.Build.0 = Release|Any CPU
	EndGlobalSection
	GlobalSection(SolutionProperties) = preSolution
		HideSolutionNode = FALSE
	EndGlobalSection
EndGlobal
